#
# This file is autogenerated by pip-compile with Python 3.13
# by the following command:
#
#    pip-compile --output-file=requirements.lock --strip-extras requirements.txt
#
blinker==1.9.0
    # via flask
certifi==2026.4.22
    # via requests
cffi==2.0.0
    # via cryptography
charset-normalizer==3.4.7
    # via
    #   pdfminer-six
    #   requests
circuitbreaker==2.1.3
    # via -r requirements.txt
click==8.3.3
    # via flask
cryptography==47.0.0
    # via pdfminer-six
defusedxml==0.7.1
    # via -r requirements.txt
deprecated==1.3.1
    # via limits
flask==3.1.3
    # via
    #   -r requirements.txt
    #   flask-limiter
flask-limiter==4.1.1
    # via -r requirements.txt
flatbuffers==25.12.19
    # via onnxruntime
idna==3.13
    # via requests
itsdangerous==2.2.0
    # via flask
jinja2==3.1.6
    # via flask
limits==5.8.0
    # via flask-limiter
markupsafe==3.0.3
    # via
    #   flask
    #   jinja2
    #   werkzeug
numpy==2.4.4
    # via
    #   -r requirements.txt
    #   onnxruntime
onnxruntime==1.25.0
    # via -r requirements.txt
ordered-set==4.1.0
    # via flask-limiter
packaging==26.2
    # via
    #   limits
    #   onnxruntime
pdfminer-six==20251230
    # via pdfplumber
pdfplumber==0.11.9
    # via -r requirements.txt
pillow==12.2.0
    # via
    #   -r requirements.txt
    #   pdfplumber
protobuf==7.34.1
    # via onnxruntime
psnawp==3.0.3
    # via -r requirements.txt
pycountry==24.6.1
    # via psnawp
pycparser==3.0
    # via cffi
pypdfium2==5.7.1
    # via pdfplumber
pyrate-limiter==4.1.0
    # via psnawp
pyyaml==6.0.3
    # via -r requirements.txt
requests==2.33.1
    # via
    #   -r requirements.txt
    #   psnawp
typing-extensions==4.15.0
    # via
    #   flask-limiter
    #   limits
    #   psnawp
urllib3==2.6.3
    # via requests
waitress==3.0.2
    # via -r requirements.txt
werkzeug==3.1.8
    # via flask
wrapt==2.1.2
    # via deprecated
